
Microsoft Visual Studio Solution File, Format Version 12.00
# Visual Studio Version 16
VisualStudioVersion = 16.0.28803.352
MinimumVisualStudioVersion = 10.0.40219.1
Project("{FAE04EC0-301F-11D3-BF4B-00C04F79EFBC}") = "Bigfoot.Web.Helpers", "Bigfoot.Web.Helpers\Bigfoot.Web.Helpers.csproj", "{F7617CF6-77A5-41A4-8D35-B526D6919319}"
EndProject
Project("{FAE04EC0-301F-11D3-BF4B-00C04F79EFBC}") = "Bigfoot.Web.Client", "Bigfoot.Web.Client\Bigfoot.Web.Client.csproj", "{A294BF73-D9E8-41DA-BAEA-4D559C579A78}"
EndProject
Project("{2150E333-8FDC-42A3-9474-1A3956D46DE8}") = ".nuget", ".nuget", "{C46709AA-C466-4B29-AA6B-4E27A47E7689}"
	ProjectSection(SolutionItems) = preProject
		.nuget\NuGet.Config = .nuget\NuGet.Config
		.nuget\NuGet.exe = .nuget\NuGet.exe
		.nuget\NuGet.targets = .nuget\NuGet.targets
	EndProjectSection
EndProject
Project("{FAE04EC0-301F-11D3-BF4B-00C04F79EFBC}") = "Bigfoot.Utils", "Bigfoot.Utils\Bigfoot.Utils.csproj", "{5038AB87-F496-441B-8A31-3D56938E0A42}"
EndProject
Project("{FAE04EC0-301F-11D3-BF4B-00C04F79EFBC}") = "BigfootSQL", "BigfootSQL\BigfootSQL.csproj", "{AD3F5FA1-C812-40F4-A981-18AFB4142E01}"
EndProject
Project("{2150E333-8FDC-42A3-9474-1A3956D46DE8}") = "Solution Items", "Solution Items", "{D7847ACD-C362-467A-AEBF-6BB1E5470ECC}"
	ProjectSection(SolutionItems) = preProject
		README.md = README.md
	EndProjectSection
EndProject
Project("{9A19103F-16F7-4668-BE54-9A1E7A4F7556}") = "BigfootSQL.Core", "BigfootSQL.Core\BigfootSQL.Core.csproj", "{D26E48A7-5C65-4A88-B3A7-551921C7E349}"
EndProject
Project("{9A19103F-16F7-4668-BE54-9A1E7A4F7556}") = "Bigfoot.Web.Core", "Bigfoot.Web.Core\Bigfoot.Web.Core.csproj", "{E623AECD-9384-4E40-92C1-B1B89763081C}"
EndProject
Project("{FAE04EC0-301F-11D3-BF4B-00C04F79EFBC}") = "Bigfoot.Utils.Core", "Bigfoot.Utils.Core\Bigfoot.Utils.Core.csproj", "{8C5C2D2B-8974-4561-A04B-A7294E7908D7}"
EndProject
Global
	GlobalSection(SolutionConfigurationPlatforms) = preSolution
		Debug|Any CPU = Debug|Any CPU
		Release|Any CPU = Release|Any CPU
	EndGlobalSection
	GlobalSection(ProjectConfigurationPlatforms) = postSolution
		{F7617CF6-77A5-41A4-8D35-B526D6919319}.Debug|Any CPU.ActiveCfg = Debug|Any CPU
		{F7617CF6-77A5-41A4-8D35-B526D6919319}.Debug|Any CPU.Build.0 = Debug|Any CPU
		{F7617CF6-77A5-41A4-8D35-B526D6919319}.Release|Any CPU.ActiveCfg = Release|Any CPU
		{F7617CF6-77A5-41A4-8D35-B526D6919319}.Release|Any CPU.Build.0 = Release|Any CPU
		{A294BF73-D9E8-41DA-BAEA-4D559C579A78}.Debug|Any CPU.ActiveCfg = Debug|Any CPU
		{A294BF73-D9E8-41DA-BAEA-4D559C579A78}.Debug|Any CPU.Build.0 = Debug|Any CPU
		{A294BF73-D9E8-41DA-BAEA-4D559C579A78}.Release|Any CPU.ActiveCfg = Release|Any CPU
		{A294BF73-D9E8-41DA-BAEA-4D559C579A78}.Release|Any CPU.Build.0 = Release|Any CPU
		{5038AB87-F496-441B-8A31-3D56938E0A42}.Debug|Any CPU.ActiveCfg = Debug|Any CPU
		{5038AB87-F496-441B-8A31-3D56938E0A42}.Debug|Any CPU.Build.0 = Debug|Any CPU
		{5038AB87-F496-441B-8A31-3D56938E0A42}.Release|Any CPU.ActiveCfg = Release|Any CPU
		{5038AB87-F496-441B-8A31-3D56938E0A42}.Release|Any CPU.Build.0 = Release|Any CPU
		{AD3F5FA1-C812-40F4-A981-18AFB4142E01}.Debug|Any CPU.ActiveCfg = Debug|Any CPU
		{AD3F5FA1-C812-40F4-A981-18AFB4142E01}.Debug|Any CPU.Build.0 = Debug|Any CPU
		{AD3F5FA1-C812-40F4-A981-18AFB4142E01}.Release|Any CPU.ActiveCfg = Release|Any CPU
		{AD3F5FA1-C812-40F4-A981-18AFB4142E01}.Release|Any CPU.Build.0 = Release|Any CPU
		{D26E48A7-5C65-4A88-B3A7-551921C7E349}.Debug|Any CPU.ActiveCfg = Debug|Any CPU
		{D26E48A7-5C65-4A88-B3A7-551921C7E349}.Debug|Any CPU.Build.0 = Debug|Any CPU
		{D26E48A7-5C65-4A88-B3A7-551921C7E349}.Release|Any CPU.ActiveCfg = Release|Any CPU
		{D26E48A7-5C65-4A88-B3A7-551921C7E349}.Release|Any CPU.Build.0 = Release|Any CPU
		{E623AECD-9384-4E40-92C1-B1B89763081C}.Debug|Any CPU.ActiveCfg = Debug|Any CPU
		{E623AECD-9384-4E40-92C1-B1B89763081C}.Debug|Any CPU.Build.0 = Debug|Any CPU
		{E623AECD-9384-4E40-92C1-B1B89763081C}.Release|Any CPU.ActiveCfg = Release|Any CPU
		{E623AECD-9384-4E40-92C1-B1B89763081C}.Release|Any CPU.Build.0 = Release|Any CPU
		{8C5C2D2B-8974-4561-A04B-A7294E7908D7}.Debug|Any CPU.ActiveCfg = Debug|Any CPU
		{8C5C2D2B-8974-4561-A04B-A7294E7908D7}.Debug|Any CPU.Build.0 = Debug|Any CPU
		{8C5C2D2B-8974-4561-A04B-A7294E7908D7}.Release|Any CPU.ActiveCfg = Release|Any CPU
		{8C5C2D2B-8974-4561-A04B-A7294E7908D7}.Release|Any CPU.Build.0 = Release|Any CPU
	EndGlobalSection
	GlobalSection(SolutionProperties) = preSolution
		HideSolutionNode = FALSE
	EndGlobalSection
	GlobalSection(ExtensibilityGlobals) = postSolution
		SolutionGuid = {0C7BF1AD-36A8-4C5C-ACC9-B58CB270956A}
	EndGlobalSection
EndGlobal
