
Microsoft Visual Studio Solution File, Format Version 12.00
# Visual Studio 2013
VisualStudioVersion = 12.0.31101.0
MinimumVisualStudioVersion = 10.0.40219.1
Project("{FAE04EC0-301F-11D3-BF4B-00C04F79EFBC}") = "BigfootWeb", "BigfootWeb.csproj", "{FBC842BE-9232-450A-8CDE-BF07739A2BE4}"
EndProject
Global
	GlobalSection(SolutionConfigurationPlatforms) = preSolution
		Debug|Any CPU = Debug|Any CPU
		Release|Any CPU = Release|Any CPU
	EndGlobalSection
	GlobalSection(ProjectConfigurationPlatforms) = postSolution
		{FBC842BE-9232-450A-8CDE-BF07739A2BE4}.Debug|Any CPU.ActiveCfg = Debug|Any CPU
		{FBC842BE-9232-450A-8CDE-BF07739A2BE4}.Debug|Any CPU.Build.0 = Debug|Any CPU
		{FBC842BE-9232-450A-8CDE-BF07739A2BE4}.Release|Any CPU.ActiveCfg = Release|Any CPU
		{FBC842BE-9232-450A-8CDE-BF07739A2BE4}.Release|Any CPU.Build.0 = Release|Any CPU
	EndGlobalSection
	GlobalSection(SolutionProperties) = preSolution
		HideSolutionNode = FALSE
	EndGlobalSection
EndGlobal
